
Microsoft Visual Studio Solution File, Format Version 12.00
# Visual Studio Version 17
VisualStudioVersion = 17.13.35828.75 d17.13
MinimumVisualStudioVersion = 10.0.40219.1
Project("{FAE04EC0-301F-11D3-BF4B-00C04F79EFBC}") = "authJWT", "authJWT.csproj", "{4A388685-D9BB-4708-80DA-02583426B7C0}"
EndProject
Global
	GlobalSection(SolutionConfigurationPlatforms) = preSolution
		Debug|Any CPU = Debug|Any CPU
		Release|Any CPU = Release|Any CPU
	EndGlobalSection
	GlobalSection(ProjectConfigurationPlatforms) = postSolution
		{4A388685-D9BB-4708-80DA-02583426B7C0}.Debug|Any CPU.ActiveCfg = Debug|Any CPU
		{4A388685-D9BB-4708-80DA-02583426B7C0}.Debug|Any CPU.Build.0 = Debug|Any CPU
		{4A388685-D9BB-4708-80DA-02583426B7C0}.Release|Any CPU.ActiveCfg = Release|Any CPU
		{4A388685-D9BB-4708-80DA-02583426B7C0}.Release|Any CPU.Build.0 = Release|Any CPU
	EndGlobalSection
	GlobalSection(SolutionProperties) = preSolution
		HideSolutionNode = FALSE
	EndGlobalSection
	GlobalSection(ExtensibilityGlobals) = postSolution
		SolutionGuid = {D86F78E8-E27E-49C4-B1E5-8BA49AF74412}
	EndGlobalSection
EndGlobal
